// !$*UTF8*$!
{
	archiveVersion = 1;
	classes = {
	};
	objectVersion = 56;
	objects = {

/* Begin PBXBuildFile section */
		5F4221EF2999820000F98A36 /* ListController.swift in Sources */ = {isa = PBXBuildFile; fileRef = 5F4221EE2999820000F98A36 /* ListController.swift */; };
		5F4221F12999822400F98A36 /* TaskManager.swift in Sources */ = {isa = PBXBuildFile; fileRef = 5F4221F02999822400F98A36 /* TaskManager.swift */; };
		5F4221F32999856100F98A36 /* Section.swift in Sources */ = {isa = PBXBuildFile; fileRef = 5F4221F22999856100F98A36 /* Section.swift */; };
		5F4221F52999857A00F98A36 /* RegularTask.swift in Sources */ = {isa = PBXBuildFile; fileRef = 5F4221F42999857A00F98A36 /* RegularTask.swift */; };
		5F4221F72999859100F98A36 /* ImportantTask.swift in Sources */ = {isa = PBXBuildFile; fileRef = 5F4221F62999859100F98A36 /* ImportantTask.swift */; };
		5F49B974299D6A2200FE4BE3 /* TasksRepository.swift in Sources */ = {isa = PBXBuildFile; fileRef = 5F49B973299D6A2200FE4BE3 /* TasksRepository.swift */; };
		5FD08AB02999862E00EF01DB /* ListViewController.swift in Sources */ = {isa = PBXBuildFile; fileRef = 5FD08AAF2999862E00EF01DB /* ListViewController.swift */; };
		5FE5EF6F2997BD94008FDA05 /* AppDelegate.swift in Sources */ = {isa = PBXBuildFile; fileRef = 5FE5EF6E2997BD94008FDA05 /* AppDelegate.swift */; };
		5FE5EF712997BD94008FDA05 /* SceneDelegate.swift in Sources */ = {isa = PBXBuildFile; fileRef = 5FE5EF702997BD94008FDA05 /* SceneDelegate.swift */; };
		5FE5EF782997BD96008FDA05 /* Assets.xcassets in Resources */ = {isa = PBXBuildFile; fileRef = 5FE5EF772997BD96008FDA05 /* Assets.xcassets */; };
		5FE5EF7B2997BD96008FDA05 /* LaunchScreen.storyboard in Resources */ = {isa = PBXBuildFile; fileRef = 5FE5EF792997BD96008FDA05 /* LaunchScreen.storyboard */; };
		5FE5EF852997D3F6008FDA05 /* ListRelurTaskCell.swift in Sources */ = {isa = PBXBuildFile; fileRef = 5FE5EF842997D3F6008FDA05 /* ListRelurTaskCell.swift */; };
		5FE5EF872997D425008FDA05 /* ListImportantTaskCell.swift in Sources */ = {isa = PBXBuildFile; fileRef = 5FE5EF862997D425008FDA05 /* ListImportantTaskCell.swift */; };
		5FE5EF8A2997DC5C008FDA05 /* ListCheckBox.swift in Sources */ = {isa = PBXBuildFile; fileRef = 5FE5EF892997DC5C008FDA05 /* ListCheckBox.swift */; };
/* End PBXBuildFile section */

/* Begin PBXFileReference section */
		5F4221EE2999820000F98A36 /* ListController.swift */ = {isa = PBXFileReference; lastKnownFileType = sourcecode.swift; path = ListController.swift; sourceTree = "<group>"; };
		5F4221F02999822400F98A36 /* TaskManager.swift */ = {isa = PBXFileReference; lastKnownFileType = sourcecode.swift; path = TaskManager.swift; sourceTree = "<group>"; };
		5F4221F22999856100F98A36 /* Section.swift */ = {isa = PBXFileReference; lastKnownFileType = sourcecode.swift; path = Section.swift; sourceTree = "<group>"; };
		5F4221F42999857A00F98A36 /* RegularTask.swift */ = {isa = PBXFileReference; lastKnownFileType = sourcecode.swift; path = RegularTask.swift; sourceTree = "<group>"; };
		5F4221F62999859100F98A36 /* ImportantTask.swift */ = {isa = PBXFileReference; lastKnownFileType = sourcecode.swift; path = ImportantTask.swift; sourceTree = "<group>"; };
		5F49B973299D6A2200FE4BE3 /* TasksRepository.swift */ = {isa = PBXFileReference; lastKnownFileType = sourcecode.swift; path = TasksRepository.swift; sourceTree = "<group>"; };
		5FD08AAF2999862E00EF01DB /* ListViewController.swift */ = {isa = PBXFileReference; fileEncoding = 4; lastKnownFileType = sourcecode.swift; path = ListViewController.swift; sourceTree = "<group>"; };
		5FE5EF6B2997BD94008FDA05 /* TodoList.app */ = {isa = PBXFileReference; explicitFileType = wrapper.application; includeInIndex = 0; path = TodoList.app; sourceTree = BUILT_PRODUCTS_DIR; };
		5FE5EF6E2997BD94008FDA05 /* AppDelegate.swift */ = {isa = PBXFileReference; lastKnownFileType = sourcecode.swift; path = AppDelegate.swift; sourceTree = "<group>"; };
		5FE5EF702997BD94008FDA05 /* SceneDelegate.swift */ = {isa = PBXFileReference; lastKnownFileType = sourcecode.swift; path = SceneDelegate.swift; sourceTree = "<group>"; };
		5FE5EF772997BD96008FDA05 /* Assets.xcassets */ = {isa = PBXFileReference; lastKnownFileType = folder.assetcatalog; path = Assets.xcassets; sourceTree = "<group>"; };
		5FE5EF7A2997BD96008FDA05 /* Base */ = {isa = PBXFileReference; lastKnownFileType = file.storyboard; name = Base; path = Base.lproj/LaunchScreen.storyboard; sourceTree = "<group>"; };
		5FE5EF7C2997BD96008FDA05 /* Info.plist */ = {isa = PBXFileReference; lastKnownFileType = text.plist.xml; path = Info.plist; sourceTree = "<group>"; };
		5FE5EF842997D3F6008FDA05 /* ListRelurTaskCell.swift */ = {isa = PBXFileReference; lastKnownFileType = sourcecode.swift; path = ListRelurTaskCell.swift; sourceTree = "<group>"; };
		5FE5EF862997D425008FDA05 /* ListImportantTaskCell.swift */ = {isa = PBXFileReference; lastKnownFileType = sourcecode.swift; path = ListImportantTaskCell.swift; sourceTree = "<group>"; };
		5FE5EF892997DC5C008FDA05 /* ListCheckBox.swift */ = {isa = PBXFileReference; lastKnownFileType = sourcecode.swift; path = ListCheckBox.swift; sourceTree = "<group>"; };
/* End PBXFileReference section */

/* Begin PBXFrameworksBuildPhase section */
		5FE5EF682997BD94008FDA05 /* Frameworks */ = {
			isa = PBXFrameworksBuildPhase;
			buildActionMask = 2147483647;
			files = (
			);
			runOnlyForDeploymentPostprocessing = 0;
		};
/* End PBXFrameworksBuildPhase section */

/* Begin PBXGroup section */
		5F4221F8299985A700F98A36 /* Model */ = {
			isa = PBXGroup;
			children = (
				5F4221F62999859100F98A36 /* ImportantTask.swift */,
				5F4221F42999857A00F98A36 /* RegularTask.swift */,
				5F4221F22999856100F98A36 /* Section.swift */,
			);
			path = Model;
			sourceTree = "<group>";
		};
		5F49B972299D6A0F00FE4BE3 /* Logick */ = {
			isa = PBXGroup;
			children = (
				5F4221F02999822400F98A36 /* TaskManager.swift */,
				5F49B973299D6A2200FE4BE3 /* TasksRepository.swift */,
			);
			path = Logick;
			sourceTree = "<group>";
		};
		5FD08AAE2999861100EF01DB /* Screen */ = {
			isa = PBXGroup;
			children = (
				5F4221EE2999820000F98A36 /* ListController.swift */,
				5FD08AAF2999862E00EF01DB /* ListViewController.swift */,
				5FE5EF882997DADE008FDA05 /* Subviews */,
			);
			path = Screen;
			sourceTree = "<group>";
		};
		5FE5EF622997BD94008FDA05 = {
			isa = PBXGroup;
			children = (
				5FE5EF6D2997BD94008FDA05 /* TodoList */,
				5FE5EF6C2997BD94008FDA05 /* Products */,
			);
			sourceTree = "<group>";
		};
		5FE5EF6C2997BD94008FDA05 /* Products */ = {
			isa = PBXGroup;
			children = (
				5FE5EF6B2997BD94008FDA05 /* TodoList.app */,
			);
			name = Products;
			sourceTree = "<group>";
		};
		5FE5EF6D2997BD94008FDA05 /* TodoList */ = {
			isa = PBXGroup;
			children = (
				5FE5EF6E2997BD94008FDA05 /* AppDelegate.swift */,
				5FE5EF702997BD94008FDA05 /* SceneDelegate.swift */,
				5F49B972299D6A0F00FE4BE3 /* Logick */,
				5F4221F8299985A700F98A36 /* Model */,
				5FD08AAE2999861100EF01DB /* Screen */,
				5FE5EF772997BD96008FDA05 /* Assets.xcassets */,
				5FE5EF792997BD96008FDA05 /* LaunchScreen.storyboard */,
				5FE5EF7C2997BD96008FDA05 /* Info.plist */,
			);
			path = TodoList;
			sourceTree = "<group>";
		};
		5FE5EF882997DADE008FDA05 /* Subviews */ = {
			isa = PBXGroup;
			children = (
				5FE5EF842997D3F6008FDA05 /* ListRelurTaskCell.swift */,
				5FE5EF862997D425008FDA05 /* ListImportantTaskCell.swift */,
				5FE5EF892997DC5C008FDA05 /* ListCheckBox.swift */,
			);
			path = Subviews;
			sourceTree = "<group>";
		};
/* End PBXGroup section */

/* Begin PBXNativeTarget section */
		5FE5EF6A2997BD94008FDA05 /* TodoList */ = {
			isa = PBXNativeTarget;
			buildConfigurationList = 5FE5EF7F2997BD96008FDA05 /* Build configuration list for PBXNativeTarget "TodoList" */;
			buildPhases = (
				5FE5EF672997BD94008FDA05 /* Sources */,
				5FE5EF682997BD94008FDA05 /* Frameworks */,
				5FE5EF692997BD94008FDA05 /* Resources */,
			);
			buildRules = (
			);
			dependencies = (
			);
			name = TodoList;
			productName = TodoList;
			productReference = 5FE5EF6B2997BD94008FDA05 /* TodoList.app */;
			productType = "com.apple.product-type.application";
		};
/* End PBXNativeTarget section */

/* Begin PBXProject section */
		5FE5EF632997BD94008FDA05 /* Project object */ = {
			isa = PBXProject;
			attributes = {
				BuildIndependentTargetsInParallel = 1;
				LastSwiftUpdateCheck = 1420;
				LastUpgradeCheck = 1420;
				ORGANIZATIONNAME = "Denis Ivanov";
				TargetAttributes = {
					5FE5EF6A2997BD94008FDA05 = {
						CreatedOnToolsVersion = 14.2;
					};
				};
			};
			buildConfigurationList = 5FE5EF662997BD94008FDA05 /* Build configuration list for PBXProject "TodoList" */;
			compatibilityVersion = "Xcode 14.0";
			developmentRegion = en;
			hasScannedForEncodings = 0;
			knownRegions = (
				en,
				Base,
			);
			mainGroup = 5FE5EF622997BD94008FDA05;
			productRefGroup = 5FE5EF6C2997BD94008FDA05 /* Products */;
			projectDirPath = "";
			projectRoot = "";
			targets = (
				5FE5EF6A2997BD94008FDA05 /* TodoList */,
			);
		};
/* End PBXProject section */

/* Begin PBXResourcesBuildPhase section */
		5FE5EF692997BD94008FDA05 /* Resources */ = {
			isa = PBXResourcesBuildPhase;
			buildActionMask = 2147483647;
			files = (
				5FE5EF7B2997BD96008FDA05 /* LaunchScreen.storyboard in Resources */,
				5FE5EF782997BD96008FDA05 /* Assets.xcassets in Resources */,
			);
			runOnlyForDeploymentPostprocessing = 0;
		};
/* End PBXResourcesBuildPhase section */

/* Begin PBXSourcesBuildPhase section */
		5FE5EF672997BD94008FDA05 /* Sources */ = {
			isa = PBXSourcesBuildPhase;
			buildActionMask = 2147483647;
			files = (
				5FE5EF6F2997BD94008FDA05 /* AppDelegate.swift in Sources */,
				5F4221F12999822400F98A36 /* TaskManager.swift in Sources */,
				5FE5EF8A2997DC5C008FDA05 /* ListCheckBox.swift in Sources */,
				5F4221F32999856100F98A36 /* Section.swift in Sources */,
				5F4221F52999857A00F98A36 /* RegularTask.swift in Sources */,
				5FD08AB02999862E00EF01DB /* ListViewController.swift in Sources */,
				5F4221F72999859100F98A36 /* ImportantTask.swift in Sources */,
				5FE5EF712997BD94008FDA05 /* SceneDelegate.swift in Sources */,
				5FE5EF872997D425008FDA05 /* ListImportantTaskCell.swift in Sources */,
				5FE5EF852997D3F6008FDA05 /* ListRelurTaskCell.swift in Sources */,
				5F4221EF2999820000F98A36 /* ListController.swift in Sources */,
				5F49B974299D6A2200FE4BE3 /* TasksRepository.swift in Sources */,
			);
			runOnlyForDeploymentPostprocessing = 0;
		};
/* End PBXSourcesBuildPhase section */

/* Begin PBXVariantGroup section */
		5FE5EF792997BD96008FDA05 /* LaunchScreen.storyboard */ = {
			isa = PBXVariantGroup;
			children = (
				5FE5EF7A2997BD96008FDA05 /* Base */,
			);
			name = LaunchScreen.storyboard;
			sourceTree = "<group>";
		};
/* End PBXVariantGroup section */

/* Begin XCBuildConfiguration section */
		5FE5EF7D2997BD96008FDA05 /* Debug */ = {
			isa = XCBuildConfiguration;
			buildSettings = {
				ALWAYS_SEARCH_USER_PATHS = NO;
				CLANG_ANALYZER_NONNULL = YES;
				CLANG_ANALYZER_NUMBER_OBJECT_CONVERSION = YES_AGGRESSIVE;
				CLANG_CXX_LANGUAGE_STANDARD = "gnu++20";
				CLANG_ENABLE_MODULES = YES;
				CLANG_ENABLE_OBJC_ARC = YES;
				CLANG_ENABLE_OBJC_WEAK = YES;
				CLANG_WARN_BLOCK_CAPTURE_AUTORELEASING = YES;
				CLANG_WARN_BOOL_CONVERSION = YES;
				CLANG_WARN_COMMA = YES;
				CLANG_WARN_CONSTANT_CONVERSION = YES;
				CLANG_WARN_DEPRECATED_OBJC_IMPLEMENTATIONS = YES;
				CLANG_WARN_DIRECT_OBJC_ISA_USAGE = YES_ERROR;
				CLANG_WARN_DOCUMENTATION_COMMENTS = YES;
				CLANG_WARN_EMPTY_BODY = YES;
				CLANG_WARN_ENUM_CONVERSION = YES;
				CLANG_WARN_INFINITE_RECURSION = YES;
				CLANG_WARN_INT_CONVERSION = YES;
				CLANG_WARN_NON_LITERAL_NULL_CONVERSION = YES;
				CLANG_WARN_OBJC_IMPLICIT_RETAIN_SELF = YES;
				CLANG_WARN_OBJC_LITERAL_CONVERSION = YES;
				CLANG_WARN_OBJC_ROOT_CLASS = YES_ERROR;
				CLANG_WARN_QUOTED_INCLUDE_IN_FRAMEWORK_HEADER = YES;
				CLANG_WARN_RANGE_LOOP_ANALYSIS = YES;
				CLANG_WARN_STRICT_PROTOTYPES = YES;
				CLANG_WARN_SUSPICIOUS_MOVE = YES;
				CLANG_WARN_UNGUARDED_AVAILABILITY = YES_AGGRESSIVE;
				CLANG_WARN_UNREACHABLE_CODE = YES;
				CLANG_WARN__DUPLICATE_METHOD_MATCH = YES;
				COPY_PHASE_STRIP = NO;
				DEBUG_INFORMATION_FORMAT = dwarf;
				ENABLE_STRICT_OBJC_MSGSEND = YES;
				ENABLE_TESTABILITY = YES;
				GCC_C_LANGUAGE_STANDARD = gnu11;
				GCC_DYNAMIC_NO_PIC = NO;
				GCC_NO_COMMON_BLOCKS = YES;
				GCC_OPTIMIZATION_LEVEL = 0;
				GCC_PREPROCESSOR_DEFINITIONS = (
					"DEBUG=1",
					"$(inherited)",
				);
				GCC_WARN_64_TO_32_BIT_CONVERSION = YES;
				GCC_WARN_ABOUT_RETURN_TYPE = YES_ERROR;
				GCC_WARN_UNDECLARED_SELECTOR = YES;
				GCC_WARN_UNINITIALIZED_AUTOS = YES_AGGRESSIVE;
				GCC_WARN_UNUSED_FUNCTION = YES;
				GCC_WARN_UNUSED_VARIABLE = YES;
				IPHONEOS_DEPLOYMENT_TARGET = 16.2;
				MTL_ENABLE_DEBUG_INFO = INCLUDE_SOURCE;
				MTL_FAST_MATH = YES;
				ONLY_ACTIVE_ARCH = YES;
				SDKROOT = iphoneos;
				SWIFT_ACTIVE_COMPILATION_CONDITIONS = DEBUG;
				SWIFT_OPTIMIZATION_LEVEL = "-Onone";
			};
			name = Debug;
		};
		5FE5EF7E2997BD96008FDA05 /* Release */ = {
			isa = XCBuildConfiguration;
			buildSettings = {
				ALWAYS_SEARCH_USER_PATHS = NO;
				CLANG_ANALYZER_NONNULL = YES;
				CLANG_ANALYZER_NUMBER_OBJECT_CONVERSION = YES_AGGRESSIVE;
				CLANG_CXX_LANGUAGE_STANDARD = "gnu++20";
				CLANG_ENABLE_MODULES = YES;
				CLANG_ENABLE_OBJC_ARC = YES;
				CLANG_ENABLE_OBJC_WEAK = YES;
				CLANG_WARN_BLOCK_CAPTURE_AUTORELEASING = YES;
				CLANG_WARN_BOOL_CONVERSION = YES;
				CLANG_WARN_COMMA = YES;
				CLANG_WARN_CONSTANT_CONVERSION = YES;
				CLANG_WARN_DEPRECATED_OBJC_IMPLEMENTATIONS = YES;
				CLANG_WARN_DIRECT_OBJC_ISA_USAGE = YES_ERROR;
				CLANG_WARN_DOCUMENTATION_COMMENTS = YES;
				CLANG_WARN_EMPTY_BODY = YES;
				CLANG_WARN_ENUM_CONVERSION = YES;
				CLANG_WARN_INFINITE_RECURSION = YES;
				CLANG_WARN_INT_CONVERSION = YES;
				CLANG_WARN_NON_LITERAL_NULL_CONVERSION = YES;
				CLANG_WARN_OBJC_IMPLICIT_RETAIN_SELF = YES;
				CLANG_WARN_OBJC_LITERAL_CONVERSION = YES;
				CLANG_WARN_OBJC_ROOT_CLASS = YES_ERROR;
				CLANG_WARN_QUOTED_INCLUDE_IN_FRAMEWORK_HEADER = YES;
				CLANG_WARN_RANGE_LOOP_ANALYSIS = YES;
				CLANG_WARN_STRICT_PROTOTYPES = YES;
				CLANG_WARN_SUSPICIOUS_MOVE = YES;
				CLANG_WARN_UNGUARDED_AVAILABILITY = YES_AGGRESSIVE;
				CLANG_WARN_UNREACHABLE_CODE = YES;
				CLANG_WARN__DUPLICATE_METHOD_MATCH = YES;
				COPY_PHASE_STRIP = NO;
				DEBUG_INFORMATION_FORMAT = "dwarf-with-dsym";
				ENABLE_NS_ASSERTIONS = NO;
				ENABLE_STRICT_OBJC_MSGSEND = YES;
				GCC_C_LANGUAGE_STANDARD = gnu11;
				GCC_NO_COMMON_BLOCKS = YES;
				GCC_WARN_64_TO_32_BIT_CONVERSION = YES;
				GCC_WARN_ABOUT_RETURN_TYPE = YES_ERROR;
				GCC_WARN_UNDECLARED_SELECTOR = YES;
				GCC_WARN_UNINITIALIZED_AUTOS = YES_AGGRESSIVE;
				GCC_WARN_UNUSED_FUNCTION = YES;
				GCC_WARN_UNUSED_VARIABLE = YES;
				IPHONEOS_DEPLOYMENT_TARGET = 16.2;
				MTL_ENABLE_DEBUG_INFO = NO;
				MTL_FAST_MATH = YES;
				SDKROOT = iphoneos;
				SWIFT_COMPILATION_MODE = wholemodule;
				SWIFT_OPTIMIZATION_LEVEL = "-O";
				VALIDATE_PRODUCT = YES;
			};
			name = Release;
		};
		5FE5EF802997BD96008FDA05 /* Debug */ = {
			isa = XCBuildConfiguration;
			buildSettings = {
				ASSETCATALOG_COMPILER_APPICON_NAME = AppIcon;
				ASSETCATALOG_COMPILER_GLOBAL_ACCENT_COLOR_NAME = AccentColor;
				CODE_SIGN_STYLE = Automatic;
				CURRENT_PROJECT_VERSION = 1;
				DEVELOPMENT_TEAM = 7B369WKZS6;
				GENERATE_INFOPLIST_FILE = YES;
				INFOPLIST_FILE = TodoList/Info.plist;
				INFOPLIST_KEY_UIApplicationSupportsIndirectInputEvents = YES;
				INFOPLIST_KEY_UILaunchStoryboardName = LaunchScreen.storyboard;
				INFOPLIST_KEY_UIMainStoryboardFile = "";
				INFOPLIST_KEY_UISupportedInterfaceOrientations = "UIInterfaceOrientationPortrait UIInterfaceOrientationPortraitUpsideDown";
				INFOPLIST_KEY_UISupportedInterfaceOrientations_iPad = "UIInterfaceOrientationLandscapeLeft UIInterfaceOrientationLandscapeRight UIInterfaceOrientationPortrait UIInterfaceOrientationPortraitUpsideDown";
				LD_RUNPATH_SEARCH_PATHS = (
					"$(inherited)",
					"@executable_path/Frameworks",
				);
				MARKETING_VERSION = 1.0;
				PRODUCT_BUNDLE_IDENTIFIER = com.DenisIvanov.TodoList;
				PRODUCT_NAME = "$(TARGET_NAME)";
				SUPPORTED_PLATFORMS = "iphoneos iphonesimulator";
				SUPPORTS_MACCATALYST = NO;
				SUPPORTS_MAC_DESIGNED_FOR_IPHONE_IPAD = NO;
				SWIFT_EMIT_LOC_STRINGS = YES;
				SWIFT_VERSION = 5.0;
				TARGETED_DEVICE_FAMILY = 1;
			};
			name = Debug;
		};
		5FE5EF812997BD96008FDA05 /* Release */ = {
			isa = XCBuildConfiguration;
			buildSettings = {
				ASSETCATALOG_COMPILER_APPICON_NAME = AppIcon;
				ASSETCATALOG_COMPILER_GLOBAL_ACCENT_COLOR_NAME = AccentColor;
				CODE_SIGN_STYLE = Automatic;
				CURRENT_PROJECT_VERSION = 1;
				DEVELOPMENT_TEAM = 7B369WKZS6;
				GENERATE_INFOPLIST_FILE = YES;
				INFOPLIST_FILE = TodoList/Info.plist;
				INFOPLIST_KEY_UIApplicationSupportsIndirectInputEvents = YES;
				INFOPLIST_KEY_UILaunchStoryboardName = LaunchScreen.storyboard;
				INFOPLIST_KEY_UIMainStoryboardFile = "";
				INFOPLIST_KEY_UISupportedInterfaceOrientations = "UIInterfaceOrientationPortrait UIInterfaceOrientationPortraitUpsideDown";
				INFOPLIST_KEY_UISupportedInterfaceOrientations_iPad = "UIInterfaceOrientationLandscapeLeft UIInterfaceOrientationLandscapeRight UIInterfaceOrientationPortrait UIInterfaceOrientationPortraitUpsideDown";
				LD_RUNPATH_SEARCH_PATHS = (
					"$(inherited)",
					"@executable_path/Frameworks",
				);
				MARKETING_VERSION = 1.0;
				PRODUCT_BUNDLE_IDENTIFIER = com.DenisIvanov.TodoList;
				PRODUCT_NAME = "$(TARGET_NAME)";
				SUPPORTED_PLATFORMS = "iphoneos iphonesimulator";
				SUPPORTS_MACCATALYST = NO;
				SUPPORTS_MAC_DESIGNED_FOR_IPHONE_IPAD = NO;
				SWIFT_EMIT_LOC_STRINGS = YES;
				SWIFT_VERSION = 5.0;
				TARGETED_DEVICE_FAMILY = 1;
			};
			name = Release;
		};
/* End XCBuildConfiguration section */

/* Begin XCConfigurationList section */
		5FE5EF662997BD94008FDA05 /* Build configuration list for PBXProject "TodoList" */ = {
			isa = XCConfigurationList;
			buildConfigurations = (
				5FE5EF7D2997BD96008FDA05 /* Debug */,
				5FE5EF7E2997BD96008FDA05 /* Release */,
			);
			defaultConfigurationIsVisible = 0;
			defaultConfigurationName = Release;
		};
		5FE5EF7F2997BD96008FDA05 /* Build configuration list for PBXNativeTarget "TodoList" */ = {
			isa = XCConfigurationList;
			buildConfigurations = (
				5FE5EF802997BD96008FDA05 /* Debug */,
				5FE5EF812997BD96008FDA05 /* Release */,
			);
			defaultConfigurationIsVisible = 0;
			defaultConfigurationName = Release;
		};
/* End XCConfigurationList section */
	};
	rootObject = 5FE5EF632997BD94008FDA05 /* Project object */;
}
